// !$*UTF8*$!
{
	archiveVersion = 1;
	classes = {
	};
	objectVersion = 77;
	objects = {

/* Begin PBXContainerItemProxy section */
		D6D42E942DE0E05D00B12B4D /* PBXContainerItemProxy */ = {
			isa = PBXContainerItemProxy;
			containerPortal = D6D42E7E2DE0E05C00B12B4D /* Project object */;
			proxyType = 1;
			remoteGlobalIDString = D6D42E852DE0E05C00B12B4D;
			remoteInfo = JulesPoke;
		};
		D6D42E9E2DE0E05D00B12B4D /* PBXContainerItemProxy */ = {
			isa = PBXContainerItemProxy;
			containerPortal = D6D42E7E2DE0E05C00B12B4D /* Project object */;
			proxyType = 1;
			remoteGlobalIDString = D6D42E852DE0E05C00B12B4D;
			remoteInfo = JulesPoke;
		};
/* End PBXContainerItemProxy section */

/* Begin PBXFileReference section */
		D6D42E862DE0E05C00B12B4D /* JulesPoke.app */ = {isa = PBXFileReference; explicitFileType = wrapper.application; includeInIndex = 0; path = JulesPoke.app; sourceTree = BUILT_PRODUCTS_DIR; };
		D6D42E932DE0E05D00B12B4D /* JulesPokeTests.xctest */ = {isa = PBXFileReference; explicitFileType = wrapper.cfbundle; includeInIndex = 0; path = JulesPokeTests.xctest; sourceTree = BUILT_PRODUCTS_DIR; };
		D6D42E9D2DE0E05D00B12B4D /* JulesPokeUITests.xctest */ = {isa = PBXFileReference; explicitFileType = wrapper.cfbundle; includeInIndex = 0; path = JulesPokeUITests.xctest; sourceTree = BUILT_PRODUCTS_DIR; };
/* End PBXFileReference section */

/* Begin PBXFileSystemSynchronizedRootGroup section */
		D6D42E882DE0E05C00B12B4D /* JulesPoke */ = {
			isa = PBXFileSystemSynchronizedRootGroup;
			path = JulesPoke;
			sourceTree = "<group>";
		};
		D6D42E962DE0E05D00B12B4D /* JulesPokeTests */ = {
			isa = PBXFileSystemSynchronizedRootGroup;
			path = JulesPokeTests;
			sourceTree = "<group>";
		};
		D6D42EA02DE0E05D00B12B4D /* JulesPokeUITests */ = {
			isa = PBXFileSystemSynchronizedRootGroup;
			path = JulesPokeUITests;
			sourceTree = "<group>";
		};
/* End PBXFileSystemSynchronizedRootGroup section */

/* Begin PBXFrameworksBuildPhase section */
		D6D42E832DE0E05C00B12B4D /* Frameworks */ = {
			isa = PBXFrameworksBuildPhase;
			buildActionMask = 2147483647;
			files = (
			);
			runOnlyForDeploymentPostprocessing = 0;
		};
		D6D42E902DE0E05D00B12B4D /* Frameworks */ = {
			isa = PBXFrameworksBuildPhase;
			buildActionMask = 2147483647;
			files = (
			);
			runOnlyForDeploymentPostprocessing = 0;
		};
		D6D42E9A2DE0E05D00B12B4D /* Frameworks */ = {
			isa = PBXFrameworksBuildPhase;
			buildActionMask = 2147483647;
			files = (
			);
			runOnlyForDeploymentPostprocessing = 0;
		};
/* End PBXFrameworksBuildPhase section */

/* Begin PBXGroup section */
		D6D42E7D2DE0E05C00B12B4D = {
			isa = PBXGroup;
			children = (
				D6D42E882DE0E05C00B12B4D /* JulesPoke */,
				D6D42E962DE0E05D00B12B4D /* JulesPokeTests */,
				D6D42EA02DE0E05D00B12B4D /* JulesPokeUITests */,
				D6D42E872DE0E05C00B12B4D /* Products */,
			);
			sourceTree = "<group>";
		};
		D6D42E872DE0E05C00B12B4D /* Products */ = {
			isa = PBXGroup;
			children = (
				D6D42E862DE0E05C00B12B4D /* JulesPoke.app */,
				D6D42E932DE0E05D00B12B4D /* JulesPokeTests.xctest */,
				D6D42E9D2DE0E05D00B12B4D /* JulesPokeUITests.xctest */,
			);
			name = Products;
			sourceTree = "<group>";
		};
/* End PBXGroup section */

/* Begin PBXNativeTarget section */
		D6D42E852DE0E05C00B12B4D /* JulesPoke */ = {
			isa = PBXNativeTarget;
			buildConfigurationList = D6D42EA72DE0E05D00B12B4D /* Build configuration list for PBXNativeTarget "JulesPoke" */;
			buildPhases = (
				D6D42E822DE0E05C00B12B4D /* Sources */,
				D6D42E832DE0E05C00B12B4D /* Frameworks */,
				D6D42E842DE0E05C00B12B4D /* Resources */,
			);
			buildRules = (
			);
			dependencies = (
			);
			fileSystemSynchronizedGroups = (
				D6D42E882DE0E05C00B12B4D /* JulesPoke */,
			);
			name = JulesPoke;
			packageProductDependencies = (
			);
			productName = JulesPoke;
			productReference = D6D42E862DE0E05C00B12B4D /* JulesPoke.app */;
			productType = "com.apple.product-type.application";
		};
		D6D42E922DE0E05D00B12B4D /* JulesPokeTests */ = {
			isa = PBXNativeTarget;
			buildConfigurationList = D6D42EAA2DE0E05D00B12B4D /* Build configuration list for PBXNativeTarget "JulesPokeTests" */;
			buildPhases = (
				D6D42E8F2DE0E05D00B12B4D /* Sources */,
				D6D42E902DE0E05D00B12B4D /* Frameworks */,
				D6D42E912DE0E05D00B12B4D /* Resources */,
			);
			buildRules = (
			);
			dependencies = (
				D6D42E952DE0E05D00B12B4D /* PBXTargetDependency */,
			);
			fileSystemSynchronizedGroups = (
				D6D42E962DE0E05D00B12B4D /* JulesPokeTests */,
			);
			name = JulesPokeTests;
			packageProductDependencies = (
			);
			productName = JulesPokeTests;
			productReference = D6D42E932DE0E05D00B12B4D /* JulesPokeTests.xctest */;
			productType = "com.apple.product-type.bundle.unit-test";
		};
		D6D42E9C2DE0E05D00B12B4D /* JulesPokeUITests */ = {
			isa = PBXNativeTarget;
			buildConfigurationList = D6D42EAD2DE0E05D00B12B4D /* Build configuration list for PBXNativeTarget "JulesPokeUITests" */;
			buildPhases = (
				D6D42E992DE0E05D00B12B4D /* Sources */,
				D6D42E9A2DE0E05D00B12B4D /* Frameworks */,
				D6D42E9B2DE0E05D00B12B4D /* Resources */,
			);
			buildRules = (
			);
			dependencies = (
				D6D42E9F2DE0E05D00B12B4D /* PBXTargetDependency */,
			);
			fileSystemSynchronizedGroups = (
				D6D42EA02DE0E05D00B12B4D /* JulesPokeUITests */,
			);
			name = JulesPokeUITests;
			packageProductDependencies = (
			);
			productName = JulesPokeUITests;
			productReference = D6D42E9D2DE0E05D00B12B4D /* JulesPokeUITests.xctest */;
			productType = "com.apple.product-type.bundle.ui-testing";
		};
/* End PBXNativeTarget section */

/* Begin PBXProject section */
		D6D42E7E2DE0E05C00B12B4D /* Project object */ = {
			isa = PBXProject;
			attributes = {
				BuildIndependentTargetsInParallel = 1;
				LastSwiftUpdateCheck = 1630;
				LastUpgradeCheck = 1630;
				TargetAttributes = {
					D6D42E852DE0E05C00B12B4D = {
						CreatedOnToolsVersion = 16.3;
					};
					D6D42E922DE0E05D00B12B4D = {
						CreatedOnToolsVersion = 16.3;
						TestTargetID = D6D42E852DE0E05C00B12B4D;
					};
					D6D42E9C2DE0E05D00B12B4D = {
						CreatedOnToolsVersion = 16.3;
						TestTargetID = D6D42E852DE0E05C00B12B4D;
					};
				};
			};
			buildConfigurationList = D6D42E812DE0E05C00B12B4D /* Build configuration list for PBXProject "JulesPoke" */;
			developmentRegion = en;
			hasScannedForEncodings = 0;
			knownRegions = (
				en,
				Base,
			);
			mainGroup = D6D42E7D2DE0E05C00B12B4D;
			minimizedProjectReferenceProxies = 1;
			preferredProjectObjectVersion = 77;
			productRefGroup = D6D42E872DE0E05C00B12B4D /* Products */;
			projectDirPath = "";
			projectRoot = "";
			targets = (
				D6D42E852DE0E05C00B12B4D /* JulesPoke */,
				D6D42E922DE0E05D00B12B4D /* JulesPokeTests */,
				D6D42E9C2DE0E05D00B12B4D /* JulesPokeUITests */,
			);
		};
/* End PBXProject section */

/* Begin PBXResourcesBuildPhase section */
		D6D42E842DE0E05C00B12B4D /* Resources */ = {
			isa = PBXResourcesBuildPhase;
			buildActionMask = 2147483647;
			files = (
			);
			runOnlyForDeploymentPostprocessing = 0;
		};
		D6D42E912DE0E05D00B12B4D /* Resources */ = {
			isa = PBXResourcesBuildPhase;
			buildActionMask = 2147483647;
			files = (
			);
			runOnlyForDeploymentPostprocessing = 0;
		};
		D6D42E9B2DE0E05D00B12B4D /* Resources */ = {
			isa = PBXResourcesBuildPhase;
			buildActionMask = 2147483647;
			files = (
			);
			runOnlyForDeploymentPostprocessing = 0;
		};
/* End PBXResourcesBuildPhase section */

/* Begin PBXSourcesBuildPhase section */
		D6D42E822DE0E05C00B12B4D /* Sources */ = {
			isa = PBXSourcesBuildPhase;
			buildActionMask = 2147483647;
			files = (
			);
			runOnlyForDeploymentPostprocessing = 0;
		};
		D6D42E8F2DE0E05D00B12B4D /* Sources */ = {
			isa = PBXSourcesBuildPhase;
			buildActionMask = 2147483647;
			files = (
			);
			runOnlyForDeploymentPostprocessing = 0;
		};
		D6D42E992DE0E05D00B12B4D /* Sources */ = {
			isa = PBXSourcesBuildPhase;
			buildActionMask = 2147483647;
			files = (
			);
			runOnlyForDeploymentPostprocessing = 0;
		};
/* End PBXSourcesBuildPhase section */

/* Begin PBXTargetDependency section */
		D6D42E952DE0E05D00B12B4D /* PBXTargetDependency */ = {
			isa = PBXTargetDependency;
			target = D6D42E852DE0E05C00B12B4D /* JulesPoke */;
			targetProxy = D6D42E942DE0E05D00B12B4D /* PBXContainerItemProxy */;
		};
		D6D42E9F2DE0E05D00B12B4D /* PBXTargetDependency */ = {
			isa = PBXTargetDependency;
			target = D6D42E852DE0E05C00B12B4D /* JulesPoke */;
			targetProxy = D6D42E9E2DE0E05D00B12B4D /* PBXContainerItemProxy */;
		};
/* End PBXTargetDependency section */

/* Begin XCBuildConfiguration section */
		D6D42EA52DE0E05D00B12B4D /* Debug */ = {
			isa = XCBuildConfiguration;
			buildSettings = {
				ALWAYS_SEARCH_USER_PATHS = NO;
				ASSETCATALOG_COMPILER_GENERATE_SWIFT_ASSET_SYMBOL_EXTENSIONS = YES;
				CLANG_ANALYZER_NONNULL = YES;
				CLANG_ANALYZER_NUMBER_OBJECT_CONVERSION = YES_AGGRESSIVE;
				CLANG_CXX_LANGUAGE_STANDARD = "gnu++20";
				CLANG_ENABLE_MODULES = YES;
				CLANG_ENABLE_OBJC_ARC = YES;
				CLANG_ENABLE_OBJC_WEAK = YES;
				CLANG_WARN_BLOCK_CAPTURE_AUTORELEASING = YES;
				CLANG_WARN_BOOL_CONVERSION = YES;
				CLANG_WARN_COMMA = YES;
				CLANG_WARN_CONSTANT_CONVERSION = YES;
				CLANG_WARN_DEPRECATED_OBJC_IMPLEMENTATIONS = YES;
				CLANG_WARN_DIRECT_OBJC_ISA_USAGE = YES_ERROR;
				CLANG_WARN_DOCUMENTATION_COMMENTS = YES;
				CLANG_WARN_EMPTY_BODY = YES;
				CLANG_WARN_ENUM_CONVERSION = YES;
				CLANG_WARN_INFINITE_RECURSION = YES;
				CLANG_WARN_INT_CONVERSION = YES;
				CLANG_WARN_NON_LITERAL_NULL_CONVERSION = YES;
				CLANG_WARN_OBJC_IMPLICIT_RETAIN_SELF = YES;
				CLANG_WARN_OBJC_LITERAL_CONVERSION = YES;
				CLANG_WARN_OBJC_ROOT_CLASS = YES_ERROR;
				CLANG_WARN_QUOTED_INCLUDE_IN_FRAMEWORK_HEADER = YES;
				CLANG_WARN_RANGE_LOOP_ANALYSIS = YES;
				CLANG_WARN_STRICT_PROTOTYPES = YES;
				CLANG_WARN_SUSPICIOUS_MOVE = YES;
				CLANG_WARN_UNGUARDED_AVAILABILITY = YES_AGGRESSIVE;
				CLANG_WARN_UNREACHABLE_CODE = YES;
				CLANG_WARN__DUPLICATE_METHOD_MATCH = YES;
				COPY_PHASE_STRIP = NO;
				DEBUG_INFORMATION_FORMAT = dwarf;
				DEVELOPMENT_TEAM = SKN4A8SF67;
				ENABLE_STRICT_OBJC_MSGSEND = YES;
				ENABLE_TESTABILITY = YES;
				ENABLE_USER_SCRIPT_SANDBOXING = YES;
				GCC_C_LANGUAGE_STANDARD = gnu17;
				GCC_DYNAMIC_NO_PIC = NO;
				GCC_NO_COMMON_BLOCKS = YES;
				GCC_OPTIMIZATION_LEVEL = 0;
				GCC_PREPROCESSOR_DEFINITIONS = (
					"DEBUG=1",
					"$(inherited)",
				);
				GCC_WARN_64_TO_32_BIT_CONVERSION = YES;
				GCC_WARN_ABOUT_RETURN_TYPE = YES_ERROR;
				GCC_WARN_UNDECLARED_SELECTOR = YES;
				GCC_WARN_UNINITIALIZED_AUTOS = YES_AGGRESSIVE;
				GCC_WARN_UNUSED_FUNCTION = YES;
				GCC_WARN_UNUSED_VARIABLE = YES;
				IPHONEOS_DEPLOYMENT_TARGET = 18.4;
				LOCALIZATION_PREFERS_STRING_CATALOGS = YES;
				MTL_ENABLE_DEBUG_INFO = INCLUDE_SOURCE;
				MTL_FAST_MATH = YES;
				ONLY_ACTIVE_ARCH = YES;
				SDKROOT = iphoneos;
				SWIFT_ACTIVE_COMPILATION_CONDITIONS = "DEBUG $(inherited)";
				SWIFT_OPTIMIZATION_LEVEL = "-Onone";
			};
			name = Debug;
		};
		D6D42EA62DE0E05D00B12B4D /* Release */ = {
			isa = XCBuildConfiguration;
			buildSettings = {
				ALWAYS_SEARCH_USER_PATHS = NO;
				ASSETCATALOG_COMPILER_GENERATE_SWIFT_ASSET_SYMBOL_EXTENSIONS = YES;
				CLANG_ANALYZER_NONNULL = YES;
				CLANG_ANALYZER_NUMBER_OBJECT_CONVERSION = YES_AGGRESSIVE;
				CLANG_CXX_LANGUAGE_STANDARD = "gnu++20";
				CLANG_ENABLE_MODULES = YES;
				CLANG_ENABLE_OBJC_ARC = YES;
				CLANG_ENABLE_OBJC_WEAK = YES;
				CLANG_WARN_BLOCK_CAPTURE_AUTORELEASING = YES;
				CLANG_WARN_BOOL_CONVERSION = YES;
				CLANG_WARN_COMMA = YES;
				CLANG_WARN_CONSTANT_CONVERSION = YES;
				CLANG_WARN_DEPRECATED_OBJC_IMPLEMENTATIONS = YES;
				CLANG_WARN_DIRECT_OBJC_ISA_USAGE = YES_ERROR;
				CLANG_WARN_DOCUMENTATION_COMMENTS = YES;
				CLANG_WARN_EMPTY_BODY = YES;
				CLANG_WARN_ENUM_CONVERSION = YES;
				CLANG_WARN_INFINITE_RECURSION = YES;
				CLANG_WARN_INT_CONVERSION = YES;
				CLANG_WARN_NON_LITERAL_NULL_CONVERSION = YES;
				CLANG_WARN_OBJC_IMPLICIT_RETAIN_SELF = YES;
				CLANG_WARN_OBJC_LITERAL_CONVERSION = YES;
				CLANG_WARN_OBJC_ROOT_CLASS = YES_ERROR;
				CLANG_WARN_QUOTED_INCLUDE_IN_FRAMEWORK_HEADER = YES;
				CLANG_WARN_RANGE_LOOP_ANALYSIS = YES;
				CLANG_WARN_STRICT_PROTOTYPES = YES;
				CLANG_WARN_SUSPICIOUS_MOVE = YES;
				CLANG_WARN_UNGUARDED_AVAILABILITY = YES_AGGRESSIVE;
				CLANG_WARN_UNREACHABLE_CODE = YES;
				CLANG_WARN__DUPLICATE_METHOD_MATCH = YES;
				COPY_PHASE_STRIP = NO;
				DEBUG_INFORMATION_FORMAT = "dwarf-with-dsym";
				DEVELOPMENT_TEAM = SKN4A8SF67;
				ENABLE_NS_ASSERTIONS = NO;
				ENABLE_STRICT_OBJC_MSGSEND = YES;
				ENABLE_USER_SCRIPT_SANDBOXING = YES;
				GCC_C_LANGUAGE_STANDARD = gnu17;
				GCC_NO_COMMON_BLOCKS = YES;
				GCC_WARN_64_TO_32_BIT_CONVERSION = YES;
				GCC_WARN_ABOUT_RETURN_TYPE = YES_ERROR;
				GCC_WARN_UNDECLARED_SELECTOR = YES;
				GCC_WARN_UNINITIALIZED_AUTOS = YES_AGGRESSIVE;
				GCC_WARN_UNUSED_FUNCTION = YES;
				GCC_WARN_UNUSED_VARIABLE = YES;
				IPHONEOS_DEPLOYMENT_TARGET = 18.4;
				LOCALIZATION_PREFERS_STRING_CATALOGS = YES;
				MTL_ENABLE_DEBUG_INFO = NO;
				MTL_FAST_MATH = YES;
				SDKROOT = iphoneos;
				SWIFT_COMPILATION_MODE = wholemodule;
				VALIDATE_PRODUCT = YES;
			};
			name = Release;
		};
		D6D42EA82DE0E05D00B12B4D /* Debug */ = {
			isa = XCBuildConfiguration;
			buildSettings = {
				ASSETCATALOG_COMPILER_APPICON_NAME = AppIcon;
				ASSETCATALOG_COMPILER_GLOBAL_ACCENT_COLOR_NAME = AccentColor;
				CODE_SIGN_STYLE = Automatic;
				CURRENT_PROJECT_VERSION = 1;
				DEVELOPMENT_TEAM = SKN4A8SF67;
				ENABLE_PREVIEWS = YES;
				GENERATE_INFOPLIST_FILE = YES;
				INFOPLIST_KEY_UIApplicationSceneManifest_Generation = YES;
				INFOPLIST_KEY_UIApplicationSupportsIndirectInputEvents = YES;
				INFOPLIST_KEY_UILaunchScreen_Generation = YES;
				INFOPLIST_KEY_UISupportedInterfaceOrientations_iPad = "UIInterfaceOrientationPortrait UIInterfaceOrientationPortraitUpsideDown UIInterfaceOrientationLandscapeLeft UIInterfaceOrientationLandscapeRight";
				INFOPLIST_KEY_UISupportedInterfaceOrientations_iPhone = "UIInterfaceOrientationPortrait UIInterfaceOrientationLandscapeLeft UIInterfaceOrientationLandscapeRight";
				LD_RUNPATH_SEARCH_PATHS = (
					"$(inherited)",
					"@executable_path/Frameworks",
				);
				MARKETING_VERSION = 1.0;
				PRODUCT_BUNDLE_IDENTIFIER = testing.app.JulesPoke;
				PRODUCT_NAME = "$(TARGET_NAME)";
				SWIFT_EMIT_LOC_STRINGS = YES;
				SWIFT_VERSION = 5.0;
				TARGETED_DEVICE_FAMILY = "1,2";
			};
			name = Debug;
		};
		D6D42EA92DE0E05D00B12B4D /* Release */ = {
			isa = XCBuildConfiguration;
			buildSettings = {
				ASSETCATALOG_COMPILER_APPICON_NAME = AppIcon;
				ASSETCATALOG_COMPILER_GLOBAL_ACCENT_COLOR_NAME = AccentColor;
				CODE_SIGN_STYLE = Automatic;
				CURRENT_PROJECT_VERSION = 1;
				DEVELOPMENT_TEAM = SKN4A8SF67;
				ENABLE_PREVIEWS = YES;
				GENERATE_INFOPLIST_FILE = YES;
				INFOPLIST_KEY_UIApplicationSceneManifest_Generation = YES;
				INFOPLIST_KEY_UIApplicationSupportsIndirectInputEvents = YES;
				INFOPLIST_KEY_UILaunchScreen_Generation = YES;
				INFOPLIST_KEY_UISupportedInterfaceOrientations_iPad = "UIInterfaceOrientationPortrait UIInterfaceOrientationPortraitUpsideDown UIInterfaceOrientationLandscapeLeft UIInterfaceOrientationLandscapeRight";
				INFOPLIST_KEY_UISupportedInterfaceOrientations_iPhone = "UIInterfaceOrientationPortrait UIInterfaceOrientationLandscapeLeft UIInterfaceOrientationLandscapeRight";
				LD_RUNPATH_SEARCH_PATHS = (
					"$(inherited)",
					"@executable_path/Frameworks",
				);
				MARKETING_VERSION = 1.0;
				PRODUCT_BUNDLE_IDENTIFIER = testing.app.JulesPoke;
				PRODUCT_NAME = "$(TARGET_NAME)";
				SWIFT_EMIT_LOC_STRINGS = YES;
				SWIFT_VERSION = 5.0;
				TARGETED_DEVICE_FAMILY = "1,2";
			};
			name = Release;
		};
		D6D42EAB2DE0E05D00B12B4D /* Debug */ = {
			isa = XCBuildConfiguration;
			buildSettings = {
				BUNDLE_LOADER = "$(TEST_HOST)";
				CODE_SIGN_STYLE = Automatic;
				CURRENT_PROJECT_VERSION = 1;
				DEVELOPMENT_TEAM = SKN4A8SF67;
				GENERATE_INFOPLIST_FILE = YES;
				IPHONEOS_DEPLOYMENT_TARGET = 18.4;
				MARKETING_VERSION = 1.0;
				PRODUCT_BUNDLE_IDENTIFIER = testing.app.JulesPokeTests;
				PRODUCT_NAME = "$(TARGET_NAME)";
				SWIFT_EMIT_LOC_STRINGS = NO;
				SWIFT_VERSION = 5.0;
				TARGETED_DEVICE_FAMILY = "1,2";
				TEST_HOST = "$(BUILT_PRODUCTS_DIR)/JulesPoke.app/$(BUNDLE_EXECUTABLE_FOLDER_PATH)/JulesPoke";
			};
			name = Debug;
		};
		D6D42EAC2DE0E05D00B12B4D /* Release */ = {
			isa = XCBuildConfiguration;
			buildSettings = {
				BUNDLE_LOADER = "$(TEST_HOST)";
				CODE_SIGN_STYLE = Automatic;
				CURRENT_PROJECT_VERSION = 1;
				DEVELOPMENT_TEAM = SKN4A8SF67;
				GENERATE_INFOPLIST_FILE = YES;
				IPHONEOS_DEPLOYMENT_TARGET = 18.4;
				MARKETING_VERSION = 1.0;
				PRODUCT_BUNDLE_IDENTIFIER = testing.app.JulesPokeTests;
				PRODUCT_NAME = "$(TARGET_NAME)";
				SWIFT_EMIT_LOC_STRINGS = NO;
				SWIFT_VERSION = 5.0;
				TARGETED_DEVICE_FAMILY = "1,2";
				TEST_HOST = "$(BUILT_PRODUCTS_DIR)/JulesPoke.app/$(BUNDLE_EXECUTABLE_FOLDER_PATH)/JulesPoke";
			};
			name = Release;
		};
		D6D42EAE2DE0E05D00B12B4D /* Debug */ = {
			isa = XCBuildConfiguration;
			buildSettings = {
				CODE_SIGN_STYLE = Automatic;
				CURRENT_PROJECT_VERSION = 1;
				DEVELOPMENT_TEAM = SKN4A8SF67;
				GENERATE_INFOPLIST_FILE = YES;
				MARKETING_VERSION = 1.0;
				PRODUCT_BUNDLE_IDENTIFIER = testing.app.JulesPokeUITests;
				PRODUCT_NAME = "$(TARGET_NAME)";
				SWIFT_EMIT_LOC_STRINGS = NO;
				SWIFT_VERSION = 5.0;
				TARGETED_DEVICE_FAMILY = "1,2";
				TEST_TARGET_NAME = JulesPoke;
			};
			name = Debug;
		};
		D6D42EAF2DE0E05D00B12B4D /* Release */ = {
			isa = XCBuildConfiguration;
			buildSettings = {
				CODE_SIGN_STYLE = Automatic;
				CURRENT_PROJECT_VERSION = 1;
				DEVELOPMENT_TEAM = SKN4A8SF67;
				GENERATE_INFOPLIST_FILE = YES;
				MARKETING_VERSION = 1.0;
				PRODUCT_BUNDLE_IDENTIFIER = testing.app.JulesPokeUITests;
				PRODUCT_NAME = "$(TARGET_NAME)";
				SWIFT_EMIT_LOC_STRINGS = NO;
				SWIFT_VERSION = 5.0;
				TARGETED_DEVICE_FAMILY = "1,2";
				TEST_TARGET_NAME = JulesPoke;
			};
			name = Release;
		};
/* End XCBuildConfiguration section */

/* Begin XCConfigurationList section */
		D6D42E812DE0E05C00B12B4D /* Build configuration list for PBXProject "JulesPoke" */ = {
			isa = XCConfigurationList;
			buildConfigurations = (
				D6D42EA52DE0E05D00B12B4D /* Debug */,
				D6D42EA62DE0E05D00B12B4D /* Release */,
			);
			defaultConfigurationIsVisible = 0;
			defaultConfigurationName = Release;
		};
		D6D42EA72DE0E05D00B12B4D /* Build configuration list for PBXNativeTarget "JulesPoke" */ = {
			isa = XCConfigurationList;
			buildConfigurations = (
				D6D42EA82DE0E05D00B12B4D /* Debug */,
				D6D42EA92DE0E05D00B12B4D /* Release */,
			);
			defaultConfigurationIsVisible = 0;
			defaultConfigurationName = Release;
		};
		D6D42EAA2DE0E05D00B12B4D /* Build configuration list for PBXNativeTarget "JulesPokeTests" */ = {
			isa = XCConfigurationList;
			buildConfigurations = (
				D6D42EAB2DE0E05D00B12B4D /* Debug */,
				D6D42EAC2DE0E05D00B12B4D /* Release */,
			);
			defaultConfigurationIsVisible = 0;
			defaultConfigurationName = Release;
		};
		D6D42EAD2DE0E05D00B12B4D /* Build configuration list for PBXNativeTarget "JulesPokeUITests" */ = {
			isa = XCConfigurationList;
			buildConfigurations = (
				D6D42EAE2DE0E05D00B12B4D /* Debug */,
				D6D42EAF2DE0E05D00B12B4D /* Release */,
			);
			defaultConfigurationIsVisible = 0;
			defaultConfigurationName = Release;
		};
/* End XCConfigurationList section */
	};
	rootObject = D6D42E7E2DE0E05C00B12B4D /* Project object */;
}
